{
	"name": "@rbxts/roact-rodux",
	"version": "0.2.2-ts.8",
	"lockfileVersion": 3,
	"requires": true,
	"packages": {
		"": {
			"name": "@rbxts/roact-rodux",
			"version": "0.2.2-ts.8",
			"license": "ISC",
			"devDependencies": {
				"@rbxts/roact": "github:st-Wook/rbx-roact#master",
				"@rbxts/rodux": "github:st-Wook/rbx-rodux#master"
			},
			"peerDependencies": {
				"@rbxts/roact": "github:st-Wook/rbx-roact#master",
				"@rbxts/rodux": "github:st-Wook/rbx-rodux#master"
			}
		},
		"node_modules/@rbxts/roact": {
			"version": "1.4.4-ts.0",
			"resolved": "git+ssh://git@github.com/st-Wook/rbx-roact.git#aa72ffb0306a91cc8fc5c4839cc0e854379b383e",
			"dev": true
		},
		"node_modules/@rbxts/rodux": {
			"version": "3.0.0-ts.3",
			"resolved": "git+ssh://git@github.com/st-Wook/rbx-rodux.git#16aad715f809b07927660ef8caa2b6fdd4d8c90f",
			"dev": true
		}
	}
}
