{
	"name": "@rbxts/roact-rodux",
	"version": "0.2.2-ts.8",
	"lockfileVersion": 3,
	"requires": true,
	"packages": {
		"": {
			"name": "@rbxts/roact-rodux",
			"version": "0.2.2-ts.8",
			"license": "ISC",
			"dependencies": {
				"@rbxts/luau-polyfill-internal": "^1.2.3-ts.0",
				"@rbxts/roact": "github:st-Wook/rbx-roact#master",
				"@rbxts/rodux": "github:st-Wook/rbx-rodux#master"
			},
			"devDependencies": {
				"prettier": "^3.2.5"
			}
		},
		"node_modules/@rbxts/luau-polyfill-internal": {
			"version": "1.2.3-ts.0",
			"resolved": "https://registry.npmjs.org/@rbxts/luau-polyfill-internal/-/luau-polyfill-internal-1.2.3-ts.0.tgz",
			"integrity": "sha512-LG1h4uf+MpMxu6RfOLowRe+NOs2SWXzCmYd49WvfR8ZKVUNHvT0BeVIL9rS9q//mTlz8BXDyl5EVIyjnKgsekA=="
		},
		"node_modules/@rbxts/roact": {
			"version": "1.4.4-ts.0",
			"resolved": "git+ssh://git@github.com/st-Wook/rbx-roact.git#e7075632bbe02620cdcc98ce9c502d3955849ef8"
		},
		"node_modules/@rbxts/rodux": {
			"version": "3.0.0-ts.3",
			"resolved": "git+ssh://git@github.com/st-Wook/rbx-rodux.git#c3aa83f9b9042dd36d48779f1f294e86c1843cb8"
		},
		"node_modules/prettier": {
			"version": "3.2.5",
			"resolved": "https://registry.npmjs.org/prettier/-/prettier-3.2.5.tgz",
			"integrity": "sha512-3/GWa9aOC0YeD7LUfvOG2NiDyhOWRvt1k+rcKhOuYnMY24iiCphgneUfJDyFXd6rZCAnuLBv6UeAULtrhT/F4A==",
			"dev": true,
			"bin": {
				"prettier": "bin/prettier.cjs"
			},
			"engines": {
				"node": ">=14"
			},
			"funding": {
				"url": "https://github.com/prettier/prettier?sponsor=1"
			}
		}
	}
}
